
Microsoft Visual Studio Solution File, Format Version 12.00
# Visual Studio Version 17
VisualStudioVersion = 17.14.36221.1 d17.14
MinimumVisualStudioVersion = 10.0.40219.1
Project("{FAE04EC0-301F-11D3-BF4B-00C04F79EFBC}") = "marché", "marché.csproj", "{DACE14EA-44FA-4EBD-BE3A-576E0FCE5516}"
EndProject
Global
	GlobalSection(SolutionConfigurationPlatforms) = preSolution
		Debug|Any CPU = Debug|Any CPU
		Release|Any CPU = Release|Any CPU
	EndGlobalSection
	GlobalSection(ProjectConfigurationPlatforms) = postSolution
		{DACE14EA-44FA-4EBD-BE3A-576E0FCE5516}.Debug|Any CPU.ActiveCfg = Debug|Any CPU
		{DACE14EA-44FA-4EBD-BE3A-576E0FCE5516}.Debug|Any CPU.Build.0 = Debug|Any CPU
		{DACE14EA-44FA-4EBD-BE3A-576E0FCE5516}.Release|Any CPU.ActiveCfg = Release|Any CPU
		{DACE14EA-44FA-4EBD-BE3A-576E0FCE5516}.Release|Any CPU.Build.0 = Release|Any CPU
	EndGlobalSection
	GlobalSection(SolutionProperties) = preSolution
		HideSolutionNode = FALSE
	EndGlobalSection
	GlobalSection(ExtensibilityGlobals) = postSolution
		SolutionGuid = {42AE0B3A-3BBC-46D7-9EA8-D8452A42CB69}
	EndGlobalSection
EndGlobal
